
Microsoft Visual Studio Solution File, Format Version 12.00
# Visual Studio Version 17
VisualStudioVersion = 17.1.32210.238
MinimumVisualStudioVersion = 10.0.40219.1
Project("{FAE04EC0-301F-11D3-BF4B-00C04F79EFBC}") = "SZTF1HF0015_ZRSTHS", "SZTF1HF0015_ZRSTHS\SZTF1HF0015_ZRSTHS.csproj", "{BEDB5279-0F68-4661-A331-515F6E3ED52C}"
EndProject
Global
	GlobalSection(SolutionConfigurationPlatforms) = preSolution
		Debug|Any CPU = Debug|Any CPU
		Release|Any CPU = Release|Any CPU
	EndGlobalSection
	GlobalSection(ProjectConfigurationPlatforms) = postSolution
		{BEDB5279-0F68-4661-A331-515F6E3ED52C}.Debug|Any CPU.ActiveCfg = Debug|Any CPU
		{BEDB5279-0F68-4661-A331-515F6E3ED52C}.Debug|Any CPU.Build.0 = Debug|Any CPU
		{BEDB5279-0F68-4661-A331-515F6E3ED52C}.Release|Any CPU.ActiveCfg = Release|Any CPU
		{BEDB5279-0F68-4661-A331-515F6E3ED52C}.Release|Any CPU.Build.0 = Release|Any CPU
	EndGlobalSection
	GlobalSection(SolutionProperties) = preSolution
		HideSolutionNode = FALSE
	EndGlobalSection
	GlobalSection(ExtensibilityGlobals) = postSolution
		SolutionGuid = {37A8ABA5-A43C-43F5-B0F0-56D7D4834097}
	EndGlobalSection
EndGlobal
